
Microsoft Visual Studio Solution File, Format Version 9.00
# Visual Studio 2005
Project("{8BC9CEB8-8B4A-11D0-8D11-00A0C91BC942}") = "WangDunProxy", "WangDunProxy\WangDunProxy.vcproj", "{413F011C-D14D-4CF1-BB33-0261DDC75BF5}"
EndProject
Project("{8BC9CEB8-8B4A-11D0-8D11-00A0C91BC942}") = "WangDunProxyPS", "WangDunProxy\WangDunProxyPS.vcproj", "{6AE7A7A5-F44B-473F-8EA6-F758352DD2FA}"
	ProjectSection(ProjectDependencies) = postProject
		{413F011C-D14D-4CF1-BB33-0261DDC75BF5} = {413F011C-D14D-4CF1-BB33-0261DDC75BF5}
	EndProjectSection
EndProject
Global
	GlobalSection(SolutionConfigurationPlatforms) = preSolution
		Debug|Win32 = Debug|Win32
		Release|Win32 = Release|Win32
	EndGlobalSection
	GlobalSection(ProjectConfigurationPlatforms) = postSolution
		{413F011C-D14D-4CF1-BB33-0261DDC75BF5}.Debug|Win32.ActiveCfg = Debug|Win32
		{413F011C-D14D-4CF1-BB33-0261DDC75BF5}.Debug|Win32.Build.0 = Debug|Win32
		{413F011C-D14D-4CF1-BB33-0261DDC75BF5}.Release|Win32.ActiveCfg = Release|Win32
		{413F011C-D14D-4CF1-BB33-0261DDC75BF5}.Release|Win32.Build.0 = Release|Win32
		{6AE7A7A5-F44B-473F-8EA6-F758352DD2FA}.Debug|Win32.ActiveCfg = Debug|Win32
		{6AE7A7A5-F44B-473F-8EA6-F758352DD2FA}.Release|Win32.ActiveCfg = Release|Win32
	EndGlobalSection
	GlobalSection(SolutionProperties) = preSolution
		HideSolutionNode = FALSE
	EndGlobalSection
EndGlobal
